
Microsoft Visual Studio Solution File, Format Version 12.00
# Visual Studio Version 16
VisualStudioVersion = 16.0.33927.289
MinimumVisualStudioVersion = 10.0.40219.1
Project("{FAE04EC0-301F-11D3-BF4B-00C04F79EFBC}") = "RidgeRacerVTool", "RidgeRacerVTool\RidgeRacerVTool.csproj", "{FBB7ADE7-EDFC-4780-8C21-52721A1FBF74}"
EndProject
Global
	GlobalSection(SolutionConfigurationPlatforms) = preSolution
		Debug|Any CPU = Debug|Any CPU
		Release|Any CPU = Release|Any CPU
	EndGlobalSection
	GlobalSection(ProjectConfigurationPlatforms) = postSolution
		{FBB7ADE7-EDFC-4780-8C21-52721A1FBF74}.Debug|Any CPU.ActiveCfg = Debug|Any CPU
		{FBB7ADE7-EDFC-4780-8C21-52721A1FBF74}.Debug|Any CPU.Build.0 = Debug|Any CPU
		{FBB7ADE7-EDFC-4780-8C21-52721A1FBF74}.Release|Any CPU.ActiveCfg = Release|Any CPU
		{FBB7ADE7-EDFC-4780-8C21-52721A1FBF74}.Release|Any CPU.Build.0 = Release|Any CPU
	EndGlobalSection
	GlobalSection(SolutionProperties) = preSolution
		HideSolutionNode = FALSE
	EndGlobalSection
	GlobalSection(ExtensibilityGlobals) = postSolution
		SolutionGuid = {E2DD9D38-BDDC-4D4F-920D-64590DD3904E}
	EndGlobalSection
EndGlobal
